
Microsoft Visual Studio Solution File, Format Version 12.00
# Visual Studio Version 17
VisualStudioVersion = 17.7.34024.191
MinimumVisualStudioVersion = 10.0.40219.1
Project("{2150E333-8FDC-42A3-9474-1A3956D46DE8}") = "FrontEnd", "FrontEnd", "{0993A4A5-571B-48FC-B8EC-701AD9907630}"
EndProject
Project("{2150E333-8FDC-42A3-9474-1A3956D46DE8}") = "Services", "Services", "{8EC3B0F9-31E3-40B5-BB18-C252DE841544}"
EndProject
Project("{9A19103F-16F7-4668-BE54-9A1E7A4F7556}") = "GeekShopping.Web", "GeekShopping.Web\GeekShopping.Web.csproj", "{2C0185B5-5487-46A6-B1A5-7E6B8C224097}"
EndProject
Project("{9A19103F-16F7-4668-BE54-9A1E7A4F7556}") = "GeekShopping.ProductAPI", "GeekShopping.ProductAPI\GeekShopping.ProductAPI.csproj", "{9377A5FF-AEEA-4E42-BD23-C5A461DB9E74}"
EndProject
Project("{9A19103F-16F7-4668-BE54-9A1E7A4F7556}") = "GeekShopping.IdentityServer", "GeekShopping.IdentityServer\GeekShopping.IdentityServer.csproj", "{FF9379D3-3DF8-4639-AB3A-EA1ABC3F0124}"
EndProject
Project("{9A19103F-16F7-4668-BE54-9A1E7A4F7556}") = "GeekShopping.CartAPI", "GeekShopping.CartAPI\GeekShopping.CartAPI.csproj", "{4AF5EA88-A088-4753-AA4D-6DC2724345F0}"
EndProject
Project("{FAE04EC0-301F-11D3-BF4B-00C04F79EFBC}") = "GeekShopping.CouponAPI", "GeekShopping.CouponAPI\GeekShopping.CouponAPI.csproj", "{CA13417B-63C6-4010-98D2-149B5001C3D4}"
EndProject
Global
	GlobalSection(SolutionConfigurationPlatforms) = preSolution
		Debug|Any CPU = Debug|Any CPU
		Release|Any CPU = Release|Any CPU
	EndGlobalSection
	GlobalSection(ProjectConfigurationPlatforms) = postSolution
		{2C0185B5-5487-46A6-B1A5-7E6B8C224097}.Debug|Any CPU.ActiveCfg = Debug|Any CPU
		{2C0185B5-5487-46A6-B1A5-7E6B8C224097}.Debug|Any CPU.Build.0 = Debug|Any CPU
		{2C0185B5-5487-46A6-B1A5-7E6B8C224097}.Release|Any CPU.ActiveCfg = Release|Any CPU
		{2C0185B5-5487-46A6-B1A5-7E6B8C224097}.Release|Any CPU.Build.0 = Release|Any CPU
		{9377A5FF-AEEA-4E42-BD23-C5A461DB9E74}.Debug|Any CPU.ActiveCfg = Debug|Any CPU
		{9377A5FF-AEEA-4E42-BD23-C5A461DB9E74}.Debug|Any CPU.Build.0 = Debug|Any CPU
		{9377A5FF-AEEA-4E42-BD23-C5A461DB9E74}.Release|Any CPU.ActiveCfg = Release|Any CPU
		{9377A5FF-AEEA-4E42-BD23-C5A461DB9E74}.Release|Any CPU.Build.0 = Release|Any CPU
		{FF9379D3-3DF8-4639-AB3A-EA1ABC3F0124}.Debug|Any CPU.ActiveCfg = Debug|Any CPU
		{FF9379D3-3DF8-4639-AB3A-EA1ABC3F0124}.Debug|Any CPU.Build.0 = Debug|Any CPU
		{FF9379D3-3DF8-4639-AB3A-EA1ABC3F0124}.Release|Any CPU.ActiveCfg = Release|Any CPU
		{FF9379D3-3DF8-4639-AB3A-EA1ABC3F0124}.Release|Any CPU.Build.0 = Release|Any CPU
		{4AF5EA88-A088-4753-AA4D-6DC2724345F0}.Debug|Any CPU.ActiveCfg = Debug|Any CPU
		{4AF5EA88-A088-4753-AA4D-6DC2724345F0}.Debug|Any CPU.Build.0 = Debug|Any CPU
		{4AF5EA88-A088-4753-AA4D-6DC2724345F0}.Release|Any CPU.ActiveCfg = Release|Any CPU
		{4AF5EA88-A088-4753-AA4D-6DC2724345F0}.Release|Any CPU.Build.0 = Release|Any CPU
		{CA13417B-63C6-4010-98D2-149B5001C3D4}.Debug|Any CPU.ActiveCfg = Debug|Any CPU
		{CA13417B-63C6-4010-98D2-149B5001C3D4}.Debug|Any CPU.Build.0 = Debug|Any CPU
		{CA13417B-63C6-4010-98D2-149B5001C3D4}.Release|Any CPU.ActiveCfg = Release|Any CPU
		{CA13417B-63C6-4010-98D2-149B5001C3D4}.Release|Any CPU.Build.0 = Release|Any CPU
	EndGlobalSection
	GlobalSection(SolutionProperties) = preSolution
		HideSolutionNode = FALSE
	EndGlobalSection
	GlobalSection(NestedProjects) = preSolution
		{2C0185B5-5487-46A6-B1A5-7E6B8C224097} = {0993A4A5-571B-48FC-B8EC-701AD9907630}
		{9377A5FF-AEEA-4E42-BD23-C5A461DB9E74} = {8EC3B0F9-31E3-40B5-BB18-C252DE841544}
		{FF9379D3-3DF8-4639-AB3A-EA1ABC3F0124} = {8EC3B0F9-31E3-40B5-BB18-C252DE841544}
		{4AF5EA88-A088-4753-AA4D-6DC2724345F0} = {8EC3B0F9-31E3-40B5-BB18-C252DE841544}
		{CA13417B-63C6-4010-98D2-149B5001C3D4} = {8EC3B0F9-31E3-40B5-BB18-C252DE841544}
	EndGlobalSection
	GlobalSection(ExtensibilityGlobals) = postSolution
		SolutionGuid = {9E5517C5-53C1-4312-BDD5-F459656D7F16}
	EndGlobalSection
EndGlobal
